# This file is automatically @generated by Cargo.
# It is not intended for manual editing.
version = 3

[[package]]
name = "parallel_vec"
version = "0.1.0"
dependencies = [
 "serde",
 "serde_test",
]

[[package]]
name = "serde"
version = "1.0.136"
source = "registry+https://github.com/rust-lang/crates.io-index"
checksum = "ce31e24b01e1e524df96f1c2fdd054405f8d7376249a5110886fb4b658484789"

[[package]]
name = "serde_test"
version = "1.0.136"
source = "registry+https://github.com/rust-lang/crates.io-index"
checksum = "21675ba6f9d97711cc00eee79d8dd7d0a31e571c350fb4d8a7c78f70c0e7b0e9"
dependencies = [
 "serde",
]
